
Microsoft Visual Studio Solution File, Format Version 12.00
# Visual Studio Version 16
VisualStudioVersion = 16.0.32630.194
MinimumVisualStudioVersion = 10.0.40219.1
Project("{FAE04EC0-301F-11D3-BF4B-00C04F79EFBC}") = "2022-09-04-database-link-new", "2022-09-04-database-link-new\2022-09-04-database-link-new.csproj", "{01B29478-AB74-44DB-BB40-9BCE144EC7E2}"
EndProject
Global
	GlobalSection(SolutionConfigurationPlatforms) = preSolution
		Debug|Any CPU = Debug|Any CPU
		Release|Any CPU = Release|Any CPU
	EndGlobalSection
	GlobalSection(ProjectConfigurationPlatforms) = postSolution
		{01B29478-AB74-44DB-BB40-9BCE144EC7E2}.Debug|Any CPU.ActiveCfg = Debug|Any CPU
		{01B29478-AB74-44DB-BB40-9BCE144EC7E2}.Debug|Any CPU.Build.0 = Debug|Any CPU
		{01B29478-AB74-44DB-BB40-9BCE144EC7E2}.Release|Any CPU.ActiveCfg = Release|Any CPU
		{01B29478-AB74-44DB-BB40-9BCE144EC7E2}.Release|Any CPU.Build.0 = Release|Any CPU
	EndGlobalSection
	GlobalSection(SolutionProperties) = preSolution
		HideSolutionNode = FALSE
	EndGlobalSection
	GlobalSection(ExtensibilityGlobals) = postSolution
		SolutionGuid = {F09DAC91-EB44-49FF-BE99-6B15EE87ECFC}
	EndGlobalSection
EndGlobal
